
Microsoft Visual Studio Solution File, Format Version 12.00
# Visual Studio Version 17
VisualStudioVersion = 17.14.36221.1 d17.14
MinimumVisualStudioVersion = 10.0.40219.1
Project("{FAE04EC0-301F-11D3-BF4B-00C04F79EFBC}") = "Blog", "Blog\Blog.csproj", "{209E20AC-2B51-48FD-86D7-CE51319CB857}"
EndProject
Global
	GlobalSection(SolutionConfigurationPlatforms) = preSolution
		Debug|Any CPU = Debug|Any CPU
		Release|Any CPU = Release|Any CPU
	EndGlobalSection
	GlobalSection(ProjectConfigurationPlatforms) = postSolution
		{209E20AC-2B51-48FD-86D7-CE51319CB857}.Debug|Any CPU.ActiveCfg = Debug|Any CPU
		{209E20AC-2B51-48FD-86D7-CE51319CB857}.Debug|Any CPU.Build.0 = Debug|Any CPU
		{209E20AC-2B51-48FD-86D7-CE51319CB857}.Release|Any CPU.ActiveCfg = Release|Any CPU
		{209E20AC-2B51-48FD-86D7-CE51319CB857}.Release|Any CPU.Build.0 = Release|Any CPU
	EndGlobalSection
	GlobalSection(SolutionProperties) = preSolution
		HideSolutionNode = FALSE
	EndGlobalSection
	GlobalSection(ExtensibilityGlobals) = postSolution
		SolutionGuid = {3644877D-A644-487B-A513-E3F342F306F8}
	EndGlobalSection
EndGlobal
